
Microsoft Visual Studio Solution File, Format Version 12.00
# Visual Studio Version 17
VisualStudioVersion = 17.14.37614.0
MinimumVisualStudioVersion = 10.0.40219.1
Project("{FAE04EC0-301F-11D3-BF4B-00C04F79EFBC}") = "GroceryHelper.Tests", "tests\GroceryHelper.Tests\GroceryHelper.Tests.csproj", "{F592FF51-57D4-4D09-875C-7E3393AD0B4B}"
EndProject
Project("{FAE04EC0-301F-11D3-BF4B-00C04F79EFBC}") = "GroceryHelper.Domain", "src\GroceryHelper.Domain\GroceryHelper.Domain.csproj", "{F1CAAE86-1165-4072-A841-52ADC9095583}"
EndProject
Project("{FAE04EC0-301F-11D3-BF4B-00C04F79EFBC}") = "GroceryHelper.Application", "src\GroceryHelper.Application\GroceryHelper.Application.csproj", "{4028DAD9-3665-4088-8933-7DC29FC32D0D}"
EndProject
Project("{FAE04EC0-301F-11D3-BF4B-00C04F79EFBC}") = "GroceryHelper.Infrastructure", "src\GroceryHelper.Infrastructure\GroceryHelper.Infrastructure.csproj", "{CDC51CB2-06F4-442D-9875-B4132EDB07C3}"
EndProject
Project("{FAE04EC0-301F-11D3-BF4B-00C04F79EFBC}") = "GroceryHelper.WebAPI", "src\GroceryHelper.WebAPI\GroceryHelper.WebAPI.csproj", "{ECDA1690-6983-40CF-B027-14DA499CBA3F}"
EndProject
Global
	GlobalSection(SolutionConfigurationPlatforms) = preSolution
		Debug|Any CPU = Debug|Any CPU
		Debug|x64 = Debug|x64
		Debug|x86 = Debug|x86
		Release|Any CPU = Release|Any CPU
		Release|x64 = Release|x64
		Release|x86 = Release|x86
	EndGlobalSection
	GlobalSection(ProjectConfigurationPlatforms) = postSolution
		{F592FF51-57D4-4D09-875C-7E3393AD0B4B}.Debug|Any CPU.ActiveCfg = Debug|Any CPU
		{F592FF51-57D4-4D09-875C-7E3393AD0B4B}.Debug|Any CPU.Build.0 = Debug|Any CPU
		{F592FF51-57D4-4D09-875C-7E3393AD0B4B}.Debug|x64.ActiveCfg = Debug|Any CPU
		{F592FF51-57D4-4D09-875C-7E3393AD0B4B}.Debug|x64.Build.0 = Debug|Any CPU
		{F592FF51-57D4-4D09-875C-7E3393AD0B4B}.Debug|x86.ActiveCfg = Debug|Any CPU
		{F592FF51-57D4-4D09-875C-7E3393AD0B4B}.Debug|x86.Build.0 = Debug|Any CPU
		{F592FF51-57D4-4D09-875C-7E3393AD0B4B}.Release|Any CPU.ActiveCfg = Release|Any CPU
		{F592FF51-57D4-4D09-875C-7E3393AD0B4B}.Release|Any CPU.Build.0 = Release|Any CPU
		{F592FF51-57D4-4D09-875C-7E3393AD0B4B}.Release|x64.ActiveCfg = Release|Any CPU
		{F592FF51-57D4-4D09-875C-7E3393AD0B4B}.Release|x64.Build.0 = Release|Any CPU
		{F592FF51-57D4-4D09-875C-7E3393AD0B4B}.Release|x86.ActiveCfg = Release|Any CPU
		{F592FF51-57D4-4D09-875C-7E3393AD0B4B}.Release|x86.Build.0 = Release|Any CPU
		{F1CAAE86-1165-4072-A841-52ADC9095583}.Debug|Any CPU.ActiveCfg = Debug|Any CPU
		{F1CAAE86-1165-4072-A841-52ADC9095583}.Debug|Any CPU.Build.0 = Debug|Any CPU
		{F1CAAE86-1165-4072-A841-52ADC9095583}.Debug|x64.ActiveCfg = Debug|Any CPU
		{F1CAAE86-1165-4072-A841-52ADC9095583}.Debug|x64.Build.0 = Debug|Any CPU
		{F1CAAE86-1165-4072-A841-52ADC9095583}.Debug|x86.ActiveCfg = Debug|Any CPU
		{F1CAAE86-1165-4072-A841-52ADC9095583}.Debug|x86.Build.0 = Debug|Any CPU
		{F1CAAE86-1165-4072-A841-52ADC9095583}.Release|Any CPU.ActiveCfg = Release|Any CPU
		{F1CAAE86-1165-4072-A841-52ADC9095583}.Release|Any CPU.Build.0 = Release|Any CPU
		{F1CAAE86-1165-4072-A841-52ADC9095583}.Release|x64.ActiveCfg = Release|Any CPU
		{F1CAAE86-1165-4072-A841-52ADC9095583}.Release|x64.Build.0 = Release|Any CPU
		{F1CAAE86-1165-4072-A841-52ADC9095583}.Release|x86.ActiveCfg = Release|Any CPU
		{F1CAAE86-1165-4072-A841-52ADC9095583}.Release|x86.Build.0 = Release|Any CPU
		{4028DAD9-3665-4088-8933-7DC29FC32D0D}.Debug|Any CPU.ActiveCfg = Debug|Any CPU
		{4028DAD9-3665-4088-8933-7DC29FC32D0D}.Debug|Any CPU.Build.0 = Debug|Any CPU
		{4028DAD9-3665-4088-8933-7DC29FC32D0D}.Debug|x64.ActiveCfg = Debug|Any CPU
		{4028DAD9-3665-4088-8933-7DC29FC32D0D}.Debug|x64.Build.0 = Debug|Any CPU
		{4028DAD9-3665-4088-8933-7DC29FC32D0D}.Debug|x86.ActiveCfg = Debug|Any CPU
		{4028DAD9-3665-4088-8933-7DC29FC32D0D}.Debug|x86.Build.0 = Debug|Any CPU
		{4028DAD9-3665-4088-8933-7DC29FC32D0D}.Release|Any CPU.ActiveCfg = Release|Any CPU
		{4028DAD9-3665-4088-8933-7DC29FC32D0D}.Release|Any CPU.Build.0 = Release|Any CPU
		{4028DAD9-3665-4088-8933-7DC29FC32D0D}.Release|x64.ActiveCfg = Release|Any CPU
		{4028DAD9-3665-4088-8933-7DC29FC32D0D}.Release|x64.Build.0 = Release|Any CPU
		{4028DAD9-3665-4088-8933-7DC29FC32D0D}.Release|x86.ActiveCfg = Release|Any CPU
		{4028DAD9-3665-4088-8933-7DC29FC32D0D}.Release|x86.Build.0 = Release|Any CPU
		{CDC51CB2-06F4-442D-9875-B4132EDB07C3}.Debug|Any CPU.ActiveCfg = Debug|Any CPU
		{CDC51CB2-06F4-442D-9875-B4132EDB07C3}.Debug|Any CPU.Build.0 = Debug|Any CPU
		{CDC51CB2-06F4-442D-9875-B4132EDB07C3}.Debug|x64.ActiveCfg = Debug|Any CPU
		{CDC51CB2-06F4-442D-9875-B4132EDB07C3}.Debug|x64.Build.0 = Debug|Any CPU
		{CDC51CB2-06F4-442D-9875-B4132EDB07C3}.Debug|x86.ActiveCfg = Debug|Any CPU
		{CDC51CB2-06F4-442D-9875-B4132EDB07C3}.Debug|x86.Build.0 = Debug|Any CPU
		{CDC51CB2-06F4-442D-9875-B4132EDB07C3}.Release|Any CPU.ActiveCfg = Release|Any CPU
		{CDC51CB2-06F4-442D-9875-B4132EDB07C3}.Release|Any CPU.Build.0 = Release|Any CPU
		{CDC51CB2-06F4-442D-9875-B4132EDB07C3}.Release|x64.ActiveCfg = Release|Any CPU
		{CDC51CB2-06F4-442D-9875-B4132EDB07C3}.Release|x64.Build.0 = Release|Any CPU
		{CDC51CB2-06F4-442D-9875-B4132EDB07C3}.Release|x86.ActiveCfg = Release|Any CPU
		{CDC51CB2-06F4-442D-9875-B4132EDB07C3}.Release|x86.Build.0 = Release|Any CPU
		{ECDA1690-6983-40CF-B027-14DA499CBA3F}.Debug|Any CPU.ActiveCfg = Debug|Any CPU
		{ECDA1690-6983-40CF-B027-14DA499CBA3F}.Debug|Any CPU.Build.0 = Debug|Any CPU
		{ECDA1690-6983-40CF-B027-14DA499CBA3F}.Debug|x64.ActiveCfg = Debug|Any CPU
		{ECDA1690-6983-40CF-B027-14DA499CBA3F}.Debug|x64.Build.0 = Debug|Any CPU
		{ECDA1690-6983-40CF-B027-14DA499CBA3F}.Debug|x86.ActiveCfg = Debug|Any CPU
		{ECDA1690-6983-40CF-B027-14DA499CBA3F}.Debug|x86.Build.0 = Debug|Any CPU
		{ECDA1690-6983-40CF-B027-14DA499CBA3F}.Release|Any CPU.ActiveCfg = Release|Any CPU
		{ECDA1690-6983-40CF-B027-14DA499CBA3F}.Release|Any CPU.Build.0 = Release|Any CPU
		{ECDA1690-6983-40CF-B027-14DA499CBA3F}.Release|x64.ActiveCfg = Release|Any CPU
		{ECDA1690-6983-40CF-B027-14DA499CBA3F}.Release|x64.Build.0 = Release|Any CPU
		{ECDA1690-6983-40CF-B027-14DA499CBA3F}.Release|x86.ActiveCfg = Release|Any CPU
		{ECDA1690-6983-40CF-B027-14DA499CBA3F}.Release|x86.Build.0 = Release|Any CPU
	EndGlobalSection
	GlobalSection(SolutionProperties) = preSolution
		HideSolutionNode = FALSE
	EndGlobalSection
	GlobalSection(ExtensibilityGlobals) = postSolution
		SolutionGuid = {5993DE46-6431-4A40-96F0-565FCBE3E6A2}
	EndGlobalSection
EndGlobal
